filippo.io/edwards25519 v1.1.0 h1:FNf4tywRC1HmFuKW5xopWpigGjJKiJSV0Cqo0cJWDaA=
filippo.io/edwards25519 v1.1.0/go.mod h1:BxyFTGdWcka3PhytdK4V28tE5sGfRvvvRV7EaN4VDT4=
github.com/go-sql-driver/mysql v1.8.1 h1:LedoTUt/eveggdHS9qUFC1EFSa8bU2+1pZjSRpvNJ1Y=
github.com/go-sql-driver/mysql v1.8.1/go.mod h1:wEBSXgmK//2ZFJyE+qWnIsVGmvmEKlqwuVSjsCm7DZg=
github.com/golang/protobuf v1.5.4 h1:i7eJL8qZTpSEXOPTxNKhASYpMn+8e5Q6AdndVa1dWek=
github.com/golang/protobuf v1.5.4/go.mod h1:lnTiLA8Wa4RWRcIUkrtSVa5nRhsEGBg48fD6rSs7xps=
github.com/martinohmann/exit v0.0.8 h1:bTjFf3o9gFLHJyr8FBzfx2FbU2QwQ7U1GE5DHk11SmA=
github.com/martinohmann/exit v0.0.8/go.mod h1:1Pnzresx52mRsLb1oam13K7EtCjl5I19+StG9Nnr4lA=
google.golang.org/grpc/cmd/protoc-gen-go-grpc v1.4.0 h1:9SxA29VM43MF5Z9dQu694wmY5t8E/Gxr7s+RSxiIDmc=
google.golang.org/grpc/cmd/protoc-gen-go-grpc v1.4.0/go.mod h1:yZOK5zhQMiALmuweVdIVoQPa6eIJyXn2B9g5dJDhqX4=
google.golang.org/protobuf v1.34.1 h1:9ddQBjfCyZPOHPUiPxpYESBLc+T8P3E+Vo4IbKZgFWg=
google.golang.org/protobuf v1.34.1/go.mod h1:c6P6GXX6sHbq/GpV6MGZEdwhWPcYBgnhAHhKbcUYpos=
